
Microsoft Visual Studio Solution File, Format Version 12.00
# Visual Studio Version 17
VisualStudioVersion = 17.10.34916.146
MinimumVisualStudioVersion = 10.0.40219.1
Project("{2150E333-8FDC-42A3-9474-1A3956D46DE8}") = "src", "src", "{60DDD83B-ADB1-4321-BF01-710F4EF66ABB}"
EndProject
Project("{2150E333-8FDC-42A3-9474-1A3956D46DE8}") = "Services", "Services", "{3DF2C425-FAD3-4DE7-8637-F3B27C5CF44D}"
EndProject
Project("{2150E333-8FDC-42A3-9474-1A3956D46DE8}") = "Products", "Products", "{26A93D0E-C12E-462A-A721-39965001D501}"
EndProject
Project("{2150E333-8FDC-42A3-9474-1A3956D46DE8}") = "Solution Items", "Solution Items", "{3EC9DA9F-7DB6-451F-AB01-27653BD2E214}"
	ProjectSection(SolutionItems) = preProject
		docker-compose.yml = docker-compose.yml
	EndProjectSection
EndProject
Project("{2150E333-8FDC-42A3-9474-1A3956D46DE8}") = "BuildingBlocks", "BuildingBlocks", "{64A53ADD-71B4-41DA-8A55-633D7FF49554}"
EndProject
Project("{9A19103F-16F7-4668-BE54-9A1E7A4F7556}") = "EventBus.Messages", "BuildingBlocks\EventBus.Messages\EventBus.Messages.csproj", "{168CB28D-8160-4269-BD98-2650A07E3B9B}"
EndProject
Project("{9A19103F-16F7-4668-BE54-9A1E7A4F7556}") = "Products.Application", "src\Services\Products\Products.Application\Products.Application.csproj", "{DE6AEBF6-507B-4AFB-B4AA-E876294F789F}"
EndProject
Project("{9A19103F-16F7-4668-BE54-9A1E7A4F7556}") = "Products.Domain", "src\Services\Products\Products.Domain\Products.Domain.csproj", "{5C04B638-90E1-4C59-BC0C-ADA6E564D36E}"
EndProject
Project("{9A19103F-16F7-4668-BE54-9A1E7A4F7556}") = "Products.Infrastructure", "src\Services\Products\Products.Infrastructure\Products.Infrastructure.csproj", "{2D7423F2-A308-46E5-9376-CC65B340344C}"
EndProject
Project("{9A19103F-16F7-4668-BE54-9A1E7A4F7556}") = "Products.Presentation", "src\Services\Products\Products.Presentation\Products.Presentation.csproj", "{874BEA4E-BAF0-428B-9AA9-250E9747F62E}"
EndProject
Global
	GlobalSection(SolutionConfigurationPlatforms) = preSolution
		Debug|Any CPU = Debug|Any CPU
		Release|Any CPU = Release|Any CPU
	EndGlobalSection
	GlobalSection(ProjectConfigurationPlatforms) = postSolution
		{168CB28D-8160-4269-BD98-2650A07E3B9B}.Debug|Any CPU.ActiveCfg = Debug|Any CPU
		{168CB28D-8160-4269-BD98-2650A07E3B9B}.Debug|Any CPU.Build.0 = Debug|Any CPU
		{168CB28D-8160-4269-BD98-2650A07E3B9B}.Release|Any CPU.ActiveCfg = Release|Any CPU
		{168CB28D-8160-4269-BD98-2650A07E3B9B}.Release|Any CPU.Build.0 = Release|Any CPU
		{DE6AEBF6-507B-4AFB-B4AA-E876294F789F}.Debug|Any CPU.ActiveCfg = Debug|Any CPU
		{DE6AEBF6-507B-4AFB-B4AA-E876294F789F}.Debug|Any CPU.Build.0 = Debug|Any CPU
		{DE6AEBF6-507B-4AFB-B4AA-E876294F789F}.Release|Any CPU.ActiveCfg = Release|Any CPU
		{DE6AEBF6-507B-4AFB-B4AA-E876294F789F}.Release|Any CPU.Build.0 = Release|Any CPU
		{5C04B638-90E1-4C59-BC0C-ADA6E564D36E}.Debug|Any CPU.ActiveCfg = Debug|Any CPU
		{5C04B638-90E1-4C59-BC0C-ADA6E564D36E}.Debug|Any CPU.Build.0 = Debug|Any CPU
		{5C04B638-90E1-4C59-BC0C-ADA6E564D36E}.Release|Any CPU.ActiveCfg = Release|Any CPU
		{5C04B638-90E1-4C59-BC0C-ADA6E564D36E}.Release|Any CPU.Build.0 = Release|Any CPU
		{2D7423F2-A308-46E5-9376-CC65B340344C}.Debug|Any CPU.ActiveCfg = Debug|Any CPU
		{2D7423F2-A308-46E5-9376-CC65B340344C}.Debug|Any CPU.Build.0 = Debug|Any CPU
		{2D7423F2-A308-46E5-9376-CC65B340344C}.Release|Any CPU.ActiveCfg = Release|Any CPU
		{2D7423F2-A308-46E5-9376-CC65B340344C}.Release|Any CPU.Build.0 = Release|Any CPU
		{874BEA4E-BAF0-428B-9AA9-250E9747F62E}.Debug|Any CPU.ActiveCfg = Debug|Any CPU
		{874BEA4E-BAF0-428B-9AA9-250E9747F62E}.Debug|Any CPU.Build.0 = Debug|Any CPU
		{874BEA4E-BAF0-428B-9AA9-250E9747F62E}.Release|Any CPU.ActiveCfg = Release|Any CPU
		{874BEA4E-BAF0-428B-9AA9-250E9747F62E}.Release|Any CPU.Build.0 = Release|Any CPU
	EndGlobalSection
	GlobalSection(SolutionProperties) = preSolution
		HideSolutionNode = FALSE
	EndGlobalSection
	GlobalSection(NestedProjects) = preSolution
		{3DF2C425-FAD3-4DE7-8637-F3B27C5CF44D} = {60DDD83B-ADB1-4321-BF01-710F4EF66ABB}
		{26A93D0E-C12E-462A-A721-39965001D501} = {3DF2C425-FAD3-4DE7-8637-F3B27C5CF44D}
		{168CB28D-8160-4269-BD98-2650A07E3B9B} = {64A53ADD-71B4-41DA-8A55-633D7FF49554}
		{DE6AEBF6-507B-4AFB-B4AA-E876294F789F} = {26A93D0E-C12E-462A-A721-39965001D501}
		{5C04B638-90E1-4C59-BC0C-ADA6E564D36E} = {26A93D0E-C12E-462A-A721-39965001D501}
		{2D7423F2-A308-46E5-9376-CC65B340344C} = {26A93D0E-C12E-462A-A721-39965001D501}
		{874BEA4E-BAF0-428B-9AA9-250E9747F62E} = {26A93D0E-C12E-462A-A721-39965001D501}
	EndGlobalSection
	GlobalSection(ExtensibilityGlobals) = postSolution
		SolutionGuid = {147F30A1-569E-453B-92D1-B023ED71B1AC}
	EndGlobalSection
EndGlobal
